# This file was autogenerated by Stack.
# You should not edit this file by hand.
# For more information, please see the documentation at:
#   https://docs.haskellstack.org/en/stable/lock_files

packages:
- completed:
    hackage: PeanoWitnesses-0.1.0.0@sha256:d32ce724d62cadaa1a2f9eeb87e5f6c087802b2b43847c35bbb21c0822f906e4,1121
    pantry-tree:
      sha256: c668d77510777e93f6d9772c36059e9ffd03b51fd4638368f5f68b43153fdf3b
      size: 228
  original:
    hackage: PeanoWitnesses-0.1.0.0@sha256:d32ce724d62cadaa1a2f9eeb87e5f6c087802b2b43847c35bbb21c0822f906e4,1121
snapshots:
- completed:
    sha256: 03cec7d96ed78877b03b5c2bc5e31015b47f69af2fe6a62d994a42b7a43c5805
    size: 648659
    url: https://raw.githubusercontent.com/commercialhaskell/stackage-snapshots/master/lts/20/3.yaml
  original:
    url: https://raw.githubusercontent.com/commercialhaskell/stackage-snapshots/master/lts/20/3.yaml
